
Microsoft Visual Studio Solution File, Format Version 12.00
# Visual Studio Version 17
VisualStudioVersion = 17.9.34622.214
MinimumVisualStudioVersion = 10.0.40219.1
Project("{FAE04EC0-301F-11D3-BF4B-00C04F79EFBC}") = "Hellohack", "Hellohack\Hellohack.csproj", "{966E6317-8689-4347-9440-77E74146E673}"
EndProject
Global
	GlobalSection(SolutionConfigurationPlatforms) = preSolution
		Debug|Any CPU = Debug|Any CPU
		Release|Any CPU = Release|Any CPU
	EndGlobalSection
	GlobalSection(ProjectConfigurationPlatforms) = postSolution
		{966E6317-8689-4347-9440-77E74146E673}.Debug|Any CPU.ActiveCfg = Debug|Any CPU
		{966E6317-8689-4347-9440-77E74146E673}.Debug|Any CPU.Build.0 = Debug|Any CPU
		{966E6317-8689-4347-9440-77E74146E673}.Release|Any CPU.ActiveCfg = Release|Any CPU
		{966E6317-8689-4347-9440-77E74146E673}.Release|Any CPU.Build.0 = Release|Any CPU
	EndGlobalSection
	GlobalSection(SolutionProperties) = preSolution
		HideSolutionNode = FALSE
	EndGlobalSection
	GlobalSection(ExtensibilityGlobals) = postSolution
		SolutionGuid = {CBC9F58C-908B-4C77-AD3A-6F7CCE5D57E9}
	EndGlobalSection
EndGlobal
